
Microsoft Visual Studio Solution File, Format Version 12.00
# Visual Studio 15
VisualStudioVersion = 15.0.28010.2026
MinimumVisualStudioVersion = 10.0.40219.1
Project("{FAE04EC0-301F-11D3-BF4B-00C04F79EFBC}") = "FlyWeight", "FlyWeight\FlyWeight.csproj", "{C454A11F-2A7D-4FA8-AA34-3CE95CA5A55E}"
EndProject
Global
	GlobalSection(SolutionConfigurationPlatforms) = preSolution
		Debug|Any CPU = Debug|Any CPU
		Release|Any CPU = Release|Any CPU
	EndGlobalSection
	GlobalSection(ProjectConfigurationPlatforms) = postSolution
		{C454A11F-2A7D-4FA8-AA34-3CE95CA5A55E}.Debug|Any CPU.ActiveCfg = Debug|Any CPU
		{C454A11F-2A7D-4FA8-AA34-3CE95CA5A55E}.Debug|Any CPU.Build.0 = Debug|Any CPU
		{C454A11F-2A7D-4FA8-AA34-3CE95CA5A55E}.Release|Any CPU.ActiveCfg = Release|Any CPU
		{C454A11F-2A7D-4FA8-AA34-3CE95CA5A55E}.Release|Any CPU.Build.0 = Release|Any CPU
	EndGlobalSection
	GlobalSection(SolutionProperties) = preSolution
		HideSolutionNode = FALSE
	EndGlobalSection
	GlobalSection(ExtensibilityGlobals) = postSolution
		SolutionGuid = {40DA688E-283A-46D2-B163-CB5A66EB5CC7}
	EndGlobalSection
EndGlobal
