
Microsoft Visual Studio Solution File, Format Version 12.00
# Visual Studio 15
VisualStudioVersion = 15.0.28010.2026
MinimumVisualStudioVersion = 10.0.40219.1
Project("{FAE04EC0-301F-11D3-BF4B-00C04F79EFBC}") = "Composite", "Composite\Composite.csproj", "{926E4345-343B-4F55-B7A7-344CE1B6F6DC}"
EndProject
Global
	GlobalSection(SolutionConfigurationPlatforms) = preSolution
		Debug|Any CPU = Debug|Any CPU
		Release|Any CPU = Release|Any CPU
	EndGlobalSection
	GlobalSection(ProjectConfigurationPlatforms) = postSolution
		{926E4345-343B-4F55-B7A7-344CE1B6F6DC}.Debug|Any CPU.ActiveCfg = Debug|Any CPU
		{926E4345-343B-4F55-B7A7-344CE1B6F6DC}.Debug|Any CPU.Build.0 = Debug|Any CPU
		{926E4345-343B-4F55-B7A7-344CE1B6F6DC}.Release|Any CPU.ActiveCfg = Release|Any CPU
		{926E4345-343B-4F55-B7A7-344CE1B6F6DC}.Release|Any CPU.Build.0 = Release|Any CPU
	EndGlobalSection
	GlobalSection(SolutionProperties) = preSolution
		HideSolutionNode = FALSE
	EndGlobalSection
	GlobalSection(ExtensibilityGlobals) = postSolution
		SolutionGuid = {4CFB69A8-851B-4528-88EB-C0F4E8D4E63C}
	EndGlobalSection
EndGlobal
